
Microsoft Visual Studio Solution File, Format Version 12.00
# Visual Studio Version 17
VisualStudioVersion = 17.14.36127.28 d17.14
MinimumVisualStudioVersion = 10.0.40219.1
Project("{FAE04EC0-301F-11D3-BF4B-00C04F79EFBC}") = "Lab_12_Projet", "Lab_12_Projet\Lab_12_Projet.csproj", "{AC62A92B-A51A-4CEA-8874-404E998930B7}"
EndProject
Global
	GlobalSection(SolutionConfigurationPlatforms) = preSolution
		Debug|Any CPU = Debug|Any CPU
		Release|Any CPU = Release|Any CPU
	EndGlobalSection
	GlobalSection(ProjectConfigurationPlatforms) = postSolution
		{AC62A92B-A51A-4CEA-8874-404E998930B7}.Debug|Any CPU.ActiveCfg = Debug|Any CPU
		{AC62A92B-A51A-4CEA-8874-404E998930B7}.Debug|Any CPU.Build.0 = Debug|Any CPU
		{AC62A92B-A51A-4CEA-8874-404E998930B7}.Release|Any CPU.ActiveCfg = Release|Any CPU
		{AC62A92B-A51A-4CEA-8874-404E998930B7}.Release|Any CPU.Build.0 = Release|Any CPU
	EndGlobalSection
	GlobalSection(SolutionProperties) = preSolution
		HideSolutionNode = FALSE
	EndGlobalSection
	GlobalSection(ExtensibilityGlobals) = postSolution
		SolutionGuid = {B938166E-189E-40C0-9BA4-24711BE9B96D}
	EndGlobalSection
EndGlobal
